
Microsoft Visual Studio Solution File, Format Version 12.00
# Visual Studio 2013
VisualStudioVersion = 12.0.30110.0
MinimumVisualStudioVersion = 10.0.40219.1
Project("{FAE04EC0-301F-11D3-BF4B-00C04F79EFBC}") = "SimpleCmdLine", "SimpleCmdLine\SimpleCmdLine.csproj", "{A30E0F31-20D5-4045-B1CE-582DA759A959}"
EndProject
Project("{FAE04EC0-301F-11D3-BF4B-00C04F79EFBC}") = "Tests", "Tests\Tests.csproj", "{1F7C2364-7E50-4CD7-8CA0-BC6CCA462795}"
EndProject
Global
	GlobalSection(SolutionConfigurationPlatforms) = preSolution
		Debug|Any CPU = Debug|Any CPU
		Release|Any CPU = Release|Any CPU
	EndGlobalSection
	GlobalSection(ProjectConfigurationPlatforms) = postSolution
		{A30E0F31-20D5-4045-B1CE-582DA759A959}.Debug|Any CPU.ActiveCfg = Debug|Any CPU
		{A30E0F31-20D5-4045-B1CE-582DA759A959}.Debug|Any CPU.Build.0 = Debug|Any CPU
		{A30E0F31-20D5-4045-B1CE-582DA759A959}.Release|Any CPU.ActiveCfg = Release|Any CPU
		{A30E0F31-20D5-4045-B1CE-582DA759A959}.Release|Any CPU.Build.0 = Release|Any CPU
		{1F7C2364-7E50-4CD7-8CA0-BC6CCA462795}.Debug|Any CPU.ActiveCfg = Debug|Any CPU
		{1F7C2364-7E50-4CD7-8CA0-BC6CCA462795}.Debug|Any CPU.Build.0 = Debug|Any CPU
		{1F7C2364-7E50-4CD7-8CA0-BC6CCA462795}.Release|Any CPU.ActiveCfg = Release|Any CPU
		{1F7C2364-7E50-4CD7-8CA0-BC6CCA462795}.Release|Any CPU.Build.0 = Release|Any CPU
	EndGlobalSection
	GlobalSection(SolutionProperties) = preSolution
		HideSolutionNode = FALSE
	EndGlobalSection
EndGlobal
